using System.Collections;
using System.Collections.Generic;
using UnityEngine;

public class cubemovement : MonoBehaviour
{
    public float speed_of_rotation = 40f;
    public float Speed_of_sizeChange = 2f;
    public float max_size = 10f;

    private bool isGameStarted = false;
    public float countdownTime = 3f;
    public float total_gameTime = 50f; 
    private float currentTime;
    void Start()
    {
        currentTime = total_gameTime;
    }

    void Update()
    {
        if (isGameStarted)
        {
            currentTime -= Time.deltaTime;

            if (currentTime <= 0f)
            {
                isGameStarted = false;
                print("Game Over!");
            }

            float horizontal = Input.GetAxis("Horizontal");
            float vertical = Input.GetAxis("Vertical");
            transform.Rotate(new Vector3(vertical, horizontal, 0f) * speed_of_rotation * Time.deltaTime);

            if (Input.GetKey(KeyCode.Space))
            {
                float newSize = Mathf.Clamp(transform.localScale.x + Speed_of_sizeChange * Time.deltaTime, 1f, max_size);
                transform.localScale = new Vector3(newSize, newSize, newSize);
            }
            else
            {
                float newSize = Mathf.Clamp(transform.localScale.x - Speed_of_sizeChange * Time.deltaTime, 1f, max_size);
                transform.localScale = new Vector3(newSize, newSize, newSize);
            }
        }
        else
        {
            if (countdownTime > 0f)
            {
                countdownTime -= Time.deltaTime;
                print("Countdown: " + Mathf.CeilToInt(countdownTime));
            }
            else
            {
                isGameStarted = true;
                print("Game Started!");
            }
        }
    }
}

